
Microsoft Visual Studio Solution File, Format Version 12.00
# Visual Studio Version 16
VisualStudioVersion = 16.0.810.23
MinimumVisualStudioVersion = 10.0.40219.1
Project("{FAE04EC0-301F-11D3-BF4B-00C04F79EFBC}") = "UNO.BL", "UNO.BL\UNO.BL.csproj", "{8FE0A295-782D-4A4D-B696-B5BDEEEB0F0F}"
EndProject
Project("{FAE04EC0-301F-11D3-BF4B-00C04F79EFBC}") = "UNO.BLTest", "UNO.BLTest\UNO.BLTest.csproj", "{845CF1A2-0704-4F12-9D6B-F466CE615159}"
EndProject
Project("{2150E333-8FDC-42A3-9474-1A3956D46DE8}") = "Tests", "Tests", "{E3D010E0-BF2E-4ACF-BFBC-0A0AA6C35D86}"
EndProject
Global
	GlobalSection(SolutionConfigurationPlatforms) = preSolution
		Debug|Any CPU = Debug|Any CPU
		Release|Any CPU = Release|Any CPU
	EndGlobalSection
	GlobalSection(ProjectConfigurationPlatforms) = postSolution
		{8FE0A295-782D-4A4D-B696-B5BDEEEB0F0F}.Debug|Any CPU.ActiveCfg = Debug|Any CPU
		{8FE0A295-782D-4A4D-B696-B5BDEEEB0F0F}.Debug|Any CPU.Build.0 = Debug|Any CPU
		{8FE0A295-782D-4A4D-B696-B5BDEEEB0F0F}.Release|Any CPU.ActiveCfg = Release|Any CPU
		{8FE0A295-782D-4A4D-B696-B5BDEEEB0F0F}.Release|Any CPU.Build.0 = Release|Any CPU
		{845CF1A2-0704-4F12-9D6B-F466CE615159}.Debug|Any CPU.ActiveCfg = Debug|Any CPU
		{845CF1A2-0704-4F12-9D6B-F466CE615159}.Debug|Any CPU.Build.0 = Debug|Any CPU
		{845CF1A2-0704-4F12-9D6B-F466CE615159}.Release|Any CPU.ActiveCfg = Release|Any CPU
		{845CF1A2-0704-4F12-9D6B-F466CE615159}.Release|Any CPU.Build.0 = Release|Any CPU
	EndGlobalSection
	GlobalSection(SolutionProperties) = preSolution
		HideSolutionNode = FALSE
	EndGlobalSection
	GlobalSection(ExtensibilityGlobals) = postSolution
		SolutionGuid = {BA542A6B-0E59-4E6D-8058-4E3042FDFA80}
	EndGlobalSection
	GlobalSection(NestedProjects) = preSolution
		{845CF1A2-0704-4F12-9D6B-F466CE615159} = {E3D010E0-BF2E-4ACF-BFBC-0A0AA6C35D86}
	EndGlobalSection
EndGlobal
